// !$*UTF8*$!
{
	archiveVersion = 1;
	classes = {
	};
	objectVersion = 77;
	objects = {

/* Begin PBXBuildFile section */
		24EED9F31AB67068EA1BBF1D /* Pods_BestBuddy_BestBuddyUITests.framework in Frameworks */ = {isa = PBXBuildFile; fileRef = 39BEACFA842387E3BA497CB2 /* Pods_BestBuddy_BestBuddyUITests.framework */; };
		50828F3591382D5830270249 /* Pods_BestBuddyTests.framework in Frameworks */ = {isa = PBXBuildFile; fileRef = 0D0A898223D40E4826FB2070 /* Pods_BestBuddyTests.framework */; };
		CB274FA5D3610973BC49162F /* Pods_BestBuddy.framework in Frameworks */ = {isa = PBXBuildFile; fileRef = 1EA33B92F81CB22220E4D8F0 /* Pods_BestBuddy.framework */; };
/* End PBXBuildFile section */

/* Begin PBXContainerItemProxy section */
		0CCFA4FF2CFDA4C9000B81AF /* PBXContainerItemProxy */ = {
			isa = PBXContainerItemProxy;
			containerPortal = 0CCFA4E52CFDA4C7000B81AF /* Project object */;
			proxyType = 1;
			remoteGlobalIDString = 0CCFA4EC2CFDA4C7000B81AF;
			remoteInfo = BestBuddy;
		};
		0CCFA5092CFDA4C9000B81AF /* PBXContainerItemProxy */ = {
			isa = PBXContainerItemProxy;
			containerPortal = 0CCFA4E52CFDA4C7000B81AF /* Project object */;
			proxyType = 1;
			remoteGlobalIDString = 0CCFA4EC2CFDA4C7000B81AF;
			remoteInfo = BestBuddy;
		};
/* End PBXContainerItemProxy section */

/* Begin PBXFileReference section */
		0CCFA4ED2CFDA4C7000B81AF /* BestBuddy.app */ = {isa = PBXFileReference; explicitFileType = wrapper.application; includeInIndex = 0; path = BestBuddy.app; sourceTree = BUILT_PRODUCTS_DIR; };
		0CCFA4FE2CFDA4C9000B81AF /* BestBuddyTests.xctest */ = {isa = PBXFileReference; explicitFileType = wrapper.cfbundle; includeInIndex = 0; path = BestBuddyTests.xctest; sourceTree = BUILT_PRODUCTS_DIR; };
		0CCFA5082CFDA4C9000B81AF /* BestBuddyUITests.xctest */ = {isa = PBXFileReference; explicitFileType = wrapper.cfbundle; includeInIndex = 0; path = BestBuddyUITests.xctest; sourceTree = BUILT_PRODUCTS_DIR; };
		0D0A898223D40E4826FB2070 /* Pods_BestBuddyTests.framework */ = {isa = PBXFileReference; explicitFileType = wrapper.framework; includeInIndex = 0; path = Pods_BestBuddyTests.framework; sourceTree = BUILT_PRODUCTS_DIR; };
		1EA33B92F81CB22220E4D8F0 /* Pods_BestBuddy.framework */ = {isa = PBXFileReference; explicitFileType = wrapper.framework; includeInIndex = 0; path = Pods_BestBuddy.framework; sourceTree = BUILT_PRODUCTS_DIR; };
		29420DFEF0838AD355C42375 /* Pods-BestBuddyTests.debug.xcconfig */ = {isa = PBXFileReference; includeInIndex = 1; lastKnownFileType = text.xcconfig; name = "Pods-BestBuddyTests.debug.xcconfig"; path = "Target Support Files/Pods-BestBuddyTests/Pods-BestBuddyTests.debug.xcconfig"; sourceTree = "<group>"; };
		39BEACFA842387E3BA497CB2 /* Pods_BestBuddy_BestBuddyUITests.framework */ = {isa = PBXFileReference; explicitFileType = wrapper.framework; includeInIndex = 0; path = Pods_BestBuddy_BestBuddyUITests.framework; sourceTree = BUILT_PRODUCTS_DIR; };
		3F2166C0AD20EA19BE4909D9 /* Pods-BestBuddy-BestBuddyUITests.release.xcconfig */ = {isa = PBXFileReference; includeInIndex = 1; lastKnownFileType = text.xcconfig; name = "Pods-BestBuddy-BestBuddyUITests.release.xcconfig"; path = "Target Support Files/Pods-BestBuddy-BestBuddyUITests/Pods-BestBuddy-BestBuddyUITests.release.xcconfig"; sourceTree = "<group>"; };
		57BD657F0F4CA0962772126E /* Pods-BestBuddyTests.release.xcconfig */ = {isa = PBXFileReference; includeInIndex = 1; lastKnownFileType = text.xcconfig; name = "Pods-BestBuddyTests.release.xcconfig"; path = "Target Support Files/Pods-BestBuddyTests/Pods-BestBuddyTests.release.xcconfig"; sourceTree = "<group>"; };
		839965D22E1E16B6DC38C8BE /* Pods-BestBuddy-BestBuddyUITests.debug.xcconfig */ = {isa = PBXFileReference; includeInIndex = 1; lastKnownFileType = text.xcconfig; name = "Pods-BestBuddy-BestBuddyUITests.debug.xcconfig"; path = "Target Support Files/Pods-BestBuddy-BestBuddyUITests/Pods-BestBuddy-BestBuddyUITests.debug.xcconfig"; sourceTree = "<group>"; };
		8920224CB89A72E284BAB1E4 /* Pods-BestBuddy.debug.xcconfig */ = {isa = PBXFileReference; includeInIndex = 1; lastKnownFileType = text.xcconfig; name = "Pods-BestBuddy.debug.xcconfig"; path = "Target Support Files/Pods-BestBuddy/Pods-BestBuddy.debug.xcconfig"; sourceTree = "<group>"; };
		A4B002D2BFC1458C1B07DB0F /* Pods-BestBuddy.release.xcconfig */ = {isa = PBXFileReference; includeInIndex = 1; lastKnownFileType = text.xcconfig; name = "Pods-BestBuddy.release.xcconfig"; path = "Target Support Files/Pods-BestBuddy/Pods-BestBuddy.release.xcconfig"; sourceTree = "<group>"; };
/* End PBXFileReference section */

/* Begin PBXFileSystemSynchronizedRootGroup section */
		0CCFA4EF2CFDA4C7000B81AF /* BestBuddy */ = {
			isa = PBXFileSystemSynchronizedRootGroup;
			path = BestBuddy;
			sourceTree = "<group>";
		};
		0CCFA5012CFDA4C9000B81AF /* BestBuddyTests */ = {
			isa = PBXFileSystemSynchronizedRootGroup;
			path = BestBuddyTests;
			sourceTree = "<group>";
		};
		0CCFA50B2CFDA4C9000B81AF /* BestBuddyUITests */ = {
			isa = PBXFileSystemSynchronizedRootGroup;
			path = BestBuddyUITests;
			sourceTree = "<group>";
		};
/* End PBXFileSystemSynchronizedRootGroup section */

/* Begin PBXFrameworksBuildPhase section */
		0CCFA4EA2CFDA4C7000B81AF /* Frameworks */ = {
			isa = PBXFrameworksBuildPhase;
			buildActionMask = 2147483647;
			files = (
				CB274FA5D3610973BC49162F /* Pods_BestBuddy.framework in Frameworks */,
			);
			runOnlyForDeploymentPostprocessing = 0;
		};
		0CCFA4FB2CFDA4C9000B81AF /* Frameworks */ = {
			isa = PBXFrameworksBuildPhase;
			buildActionMask = 2147483647;
			files = (
				50828F3591382D5830270249 /* Pods_BestBuddyTests.framework in Frameworks */,
			);
			runOnlyForDeploymentPostprocessing = 0;
		};
		0CCFA5052CFDA4C9000B81AF /* Frameworks */ = {
			isa = PBXFrameworksBuildPhase;
			buildActionMask = 2147483647;
			files = (
				24EED9F31AB67068EA1BBF1D /* Pods_BestBuddy_BestBuddyUITests.framework in Frameworks */,
			);
			runOnlyForDeploymentPostprocessing = 0;
		};
/* End PBXFrameworksBuildPhase section */

/* Begin PBXGroup section */
		0CCFA4E42CFDA4C7000B81AF = {
			isa = PBXGroup;
			children = (
				0CCFA4EF2CFDA4C7000B81AF /* BestBuddy */,
				0CCFA5012CFDA4C9000B81AF /* BestBuddyTests */,
				0CCFA50B2CFDA4C9000B81AF /* BestBuddyUITests */,
				0CCFA4EE2CFDA4C7000B81AF /* Products */,
				1516571E07626DAB6E42FB8F /* Pods */,
				2EFF97398C2640DED9997BCE /* Frameworks */,
			);
			sourceTree = "<group>";
		};
		0CCFA4EE2CFDA4C7000B81AF /* Products */ = {
			isa = PBXGroup;
			children = (
				0CCFA4ED2CFDA4C7000B81AF /* BestBuddy.app */,
				0CCFA4FE2CFDA4C9000B81AF /* BestBuddyTests.xctest */,
				0CCFA5082CFDA4C9000B81AF /* BestBuddyUITests.xctest */,
			);
			name = Products;
			sourceTree = "<group>";
		};
		1516571E07626DAB6E42FB8F /* Pods */ = {
			isa = PBXGroup;
			children = (
				8920224CB89A72E284BAB1E4 /* Pods-BestBuddy.debug.xcconfig */,
				A4B002D2BFC1458C1B07DB0F /* Pods-BestBuddy.release.xcconfig */,
				839965D22E1E16B6DC38C8BE /* Pods-BestBuddy-BestBuddyUITests.debug.xcconfig */,
				3F2166C0AD20EA19BE4909D9 /* Pods-BestBuddy-BestBuddyUITests.release.xcconfig */,
				29420DFEF0838AD355C42375 /* Pods-BestBuddyTests.debug.xcconfig */,
				57BD657F0F4CA0962772126E /* Pods-BestBuddyTests.release.xcconfig */,
			);
			path = Pods;
			sourceTree = "<group>";
		};
		2EFF97398C2640DED9997BCE /* Frameworks */ = {
			isa = PBXGroup;
			children = (
				1EA33B92F81CB22220E4D8F0 /* Pods_BestBuddy.framework */,
				39BEACFA842387E3BA497CB2 /* Pods_BestBuddy_BestBuddyUITests.framework */,
				0D0A898223D40E4826FB2070 /* Pods_BestBuddyTests.framework */,
			);
			name = Frameworks;
			sourceTree = "<group>";
		};
/* End PBXGroup section */

/* Begin PBXNativeTarget section */
		0CCFA4EC2CFDA4C7000B81AF /* BestBuddy */ = {
			isa = PBXNativeTarget;
			buildConfigurationList = 0CCFA5122CFDA4C9000B81AF /* Build configuration list for PBXNativeTarget "BestBuddy" */;
			buildPhases = (
				1E62A79370B907CC93CF73C3 /* [CP] Check Pods Manifest.lock */,
				0CCFA4E92CFDA4C7000B81AF /* Sources */,
				0CCFA4EA2CFDA4C7000B81AF /* Frameworks */,
				0CCFA4EB2CFDA4C7000B81AF /* Resources */,
				0CCFA5C12CFDC71C000B81AF /* Firebase Setup */,
				11B5134418195BB930014A07 /* [CP] Embed Pods Frameworks */,
			);
			buildRules = (
			);
			dependencies = (
			);
			fileSystemSynchronizedGroups = (
				0CCFA4EF2CFDA4C7000B81AF /* BestBuddy */,
			);
			name = BestBuddy;
			productName = BestBuddy;
			productReference = 0CCFA4ED2CFDA4C7000B81AF /* BestBuddy.app */;
			productType = "com.apple.product-type.application";
		};
		0CCFA4FD2CFDA4C9000B81AF /* BestBuddyTests */ = {
			isa = PBXNativeTarget;
			buildConfigurationList = 0CCFA5152CFDA4C9000B81AF /* Build configuration list for PBXNativeTarget "BestBuddyTests" */;
			buildPhases = (
				C9B7F3E8868A231927AC6BA5 /* [CP] Check Pods Manifest.lock */,
				0CCFA4FA2CFDA4C9000B81AF /* Sources */,
				0CCFA4FB2CFDA4C9000B81AF /* Frameworks */,
				0CCFA4FC2CFDA4C9000B81AF /* Resources */,
			);
			buildRules = (
			);
			dependencies = (
				0CCFA5002CFDA4C9000B81AF /* PBXTargetDependency */,
			);
			fileSystemSynchronizedGroups = (
				0CCFA5012CFDA4C9000B81AF /* BestBuddyTests */,
			);
			name = BestBuddyTests;
			productName = BestBuddyTests;
			productReference = 0CCFA4FE2CFDA4C9000B81AF /* BestBuddyTests.xctest */;
			productType = "com.apple.product-type.bundle.unit-test";
		};
		0CCFA5072CFDA4C9000B81AF /* BestBuddyUITests */ = {
			isa = PBXNativeTarget;
			buildConfigurationList = 0CCFA5182CFDA4C9000B81AF /* Build configuration list for PBXNativeTarget "BestBuddyUITests" */;
			buildPhases = (
				AD384FE5153EBD703B51BEAD /* [CP] Check Pods Manifest.lock */,
				0CCFA5042CFDA4C9000B81AF /* Sources */,
				0CCFA5052CFDA4C9000B81AF /* Frameworks */,
				0CCFA5062CFDA4C9000B81AF /* Resources */,
				4D3719898AB7575992BFB6A3 /* [CP] Embed Pods Frameworks */,
			);
			buildRules = (
			);
			dependencies = (
				0CCFA50A2CFDA4C9000B81AF /* PBXTargetDependency */,
			);
			fileSystemSynchronizedGroups = (
				0CCFA50B2CFDA4C9000B81AF /* BestBuddyUITests */,
			);
			name = BestBuddyUITests;
			productName = BestBuddyUITests;
			productReference = 0CCFA5082CFDA4C9000B81AF /* BestBuddyUITests.xctest */;
			productType = "com.apple.product-type.bundle.ui-testing";
		};
/* End PBXNativeTarget section */

/* Begin PBXProject section */
		0CCFA4E52CFDA4C7000B81AF /* Project object */ = {
			isa = PBXProject;
			attributes = {
				BuildIndependentTargetsInParallel = 1;
				LastSwiftUpdateCheck = 1610;
				LastUpgradeCheck = 1610;
				TargetAttributes = {
					0CCFA4EC2CFDA4C7000B81AF = {
						CreatedOnToolsVersion = 16.1;
					};
					0CCFA4FD2CFDA4C9000B81AF = {
						CreatedOnToolsVersion = 16.1;
						TestTargetID = 0CCFA4EC2CFDA4C7000B81AF;
					};
					0CCFA5072CFDA4C9000B81AF = {
						CreatedOnToolsVersion = 16.1;
						TestTargetID = 0CCFA4EC2CFDA4C7000B81AF;
					};
				};
			};
			buildConfigurationList = 0CCFA4E82CFDA4C7000B81AF /* Build configuration list for PBXProject "BestBuddy" */;
			developmentRegion = en;
			hasScannedForEncodings = 0;
			knownRegions = (
				en,
				Base,
			);
			mainGroup = 0CCFA4E42CFDA4C7000B81AF;
			minimizedProjectReferenceProxies = 1;
			preferredProjectObjectVersion = 77;
			productRefGroup = 0CCFA4EE2CFDA4C7000B81AF /* Products */;
			projectDirPath = "";
			projectRoot = "";
			targets = (
				0CCFA4EC2CFDA4C7000B81AF /* BestBuddy */,
				0CCFA4FD2CFDA4C9000B81AF /* BestBuddyTests */,
				0CCFA5072CFDA4C9000B81AF /* BestBuddyUITests */,
			);
		};
/* End PBXProject section */

/* Begin PBXResourcesBuildPhase section */
		0CCFA4EB2CFDA4C7000B81AF /* Resources */ = {
			isa = PBXResourcesBuildPhase;
			buildActionMask = 2147483647;
			files = (
			);
			runOnlyForDeploymentPostprocessing = 0;
		};
		0CCFA4FC2CFDA4C9000B81AF /* Resources */ = {
			isa = PBXResourcesBuildPhase;
			buildActionMask = 2147483647;
			files = (
			);
			runOnlyForDeploymentPostprocessing = 0;
		};
		0CCFA5062CFDA4C9000B81AF /* Resources */ = {
			isa = PBXResourcesBuildPhase;
			buildActionMask = 2147483647;
			files = (
			);
			runOnlyForDeploymentPostprocessing = 0;
		};
/* End PBXResourcesBuildPhase section */

/* Begin PBXShellScriptBuildPhase section */
		0CCFA5C12CFDC71C000B81AF /* Firebase Setup */ = {
			isa = PBXShellScriptBuildPhase;
			buildActionMask = 2147483647;
			files = (
			);
			inputFileListPaths = (
			);
			inputPaths = (
			);
			name = "Firebase Setup";
			outputFileListPaths = (
			);
			outputPaths = (
			);
			runOnlyForDeploymentPostprocessing = 0;
			shellPath = /bin/sh;
			shellScript = "# Name of the resource to copy\nINFO_PLIST_FILE=GoogleService-Info.plist\n\n# Get references of the plist file\nRELEASE_INFO_PLIST_FILE=${PROJECT_DIR}/${TARGET_NAME}/SupportFiles/Firebase/${INFO_PLIST_FILE}\n\n# Make sure the release version exists\necho \"Looking for ${INFO_PLIST_FILE} in ${RELEASE_INFO_PLIST_FILE}\"\nif [ ! -f $RELEASE_INFO_PLIST_FILE ] ; then\n    echo \"File GoogleService-Info.plist (release) not found.\"\n    exit 1\nfi\n\n# Get a reference to the destination location for the plist file\nPLIST_DESTINATION=${BUILT_PRODUCTS_DIR}/${PRODUCT_NAME}.app\necho \"Copying ${INFO_PLIST_FILE} to final destination: ${PLIST_DESTINATION}\"\n\n# Copy the appropiate file to app bundle\necho \"File ${RELEASE_INFO_PLIST_FILE} copied\"\ncp \"${RELEASE_INFO_PLIST_FILE}\" \"${PLIST_DESTINATION}\"\n";
		};
		11B5134418195BB930014A07 /* [CP] Embed Pods Frameworks */ = {
			isa = PBXShellScriptBuildPhase;
			buildActionMask = 2147483647;
			files = (
			);
			inputFileListPaths = (
				"${PODS_ROOT}/Target Support Files/Pods-BestBuddy/Pods-BestBuddy-frameworks-${CONFIGURATION}-input-files.xcfilelist",
			);
			name = "[CP] Embed Pods Frameworks";
			outputFileListPaths = (
				"${PODS_ROOT}/Target Support Files/Pods-BestBuddy/Pods-BestBuddy-frameworks-${CONFIGURATION}-output-files.xcfilelist",
			);
			runOnlyForDeploymentPostprocessing = 0;
			shellPath = /bin/sh;
			shellScript = "\"${PODS_ROOT}/Target Support Files/Pods-BestBuddy/Pods-BestBuddy-frameworks.sh\"\n";
			showEnvVarsInLog = 0;
		};
		1E62A79370B907CC93CF73C3 /* [CP] Check Pods Manifest.lock */ = {
			isa = PBXShellScriptBuildPhase;
			buildActionMask = 2147483647;
			files = (
			);
			inputFileListPaths = (
			);
			inputPaths = (
				"${PODS_PODFILE_DIR_PATH}/Podfile.lock",
				"${PODS_ROOT}/Manifest.lock",
			);
			name = "[CP] Check Pods Manifest.lock";
			outputFileListPaths = (
			);
			outputPaths = (
				"$(DERIVED_FILE_DIR)/Pods-BestBuddy-checkManifestLockResult.txt",
			);
			runOnlyForDeploymentPostprocessing = 0;
			shellPath = /bin/sh;
			shellScript = "diff \"${PODS_PODFILE_DIR_PATH}/Podfile.lock\" \"${PODS_ROOT}/Manifest.lock\" > /dev/null\nif [ $? != 0 ] ; then\n    # print error to STDERR\n    echo \"error: The sandbox is not in sync with the Podfile.lock. Run 'pod install' or update your CocoaPods installation.\" >&2\n    exit 1\nfi\n# This output is used by Xcode 'outputs' to avoid re-running this script phase.\necho \"SUCCESS\" > \"${SCRIPT_OUTPUT_FILE_0}\"\n";
			showEnvVarsInLog = 0;
		};
		4D3719898AB7575992BFB6A3 /* [CP] Embed Pods Frameworks */ = {
			isa = PBXShellScriptBuildPhase;
			buildActionMask = 2147483647;
			files = (
			);
			inputFileListPaths = (
				"${PODS_ROOT}/Target Support Files/Pods-BestBuddy-BestBuddyUITests/Pods-BestBuddy-BestBuddyUITests-frameworks-${CONFIGURATION}-input-files.xcfilelist",
			);
			name = "[CP] Embed Pods Frameworks";
			outputFileListPaths = (
				"${PODS_ROOT}/Target Support Files/Pods-BestBuddy-BestBuddyUITests/Pods-BestBuddy-BestBuddyUITests-frameworks-${CONFIGURATION}-output-files.xcfilelist",
			);
			runOnlyForDeploymentPostprocessing = 0;
			shellPath = /bin/sh;
			shellScript = "\"${PODS_ROOT}/Target Support Files/Pods-BestBuddy-BestBuddyUITests/Pods-BestBuddy-BestBuddyUITests-frameworks.sh\"\n";
			showEnvVarsInLog = 0;
		};
		AD384FE5153EBD703B51BEAD /* [CP] Check Pods Manifest.lock */ = {
			isa = PBXShellScriptBuildPhase;
			buildActionMask = 2147483647;
			files = (
			);
			inputFileListPaths = (
			);
			inputPaths = (
				"${PODS_PODFILE_DIR_PATH}/Podfile.lock",
				"${PODS_ROOT}/Manifest.lock",
			);
			name = "[CP] Check Pods Manifest.lock";
			outputFileListPaths = (
			);
			outputPaths = (
				"$(DERIVED_FILE_DIR)/Pods-BestBuddy-BestBuddyUITests-checkManifestLockResult.txt",
			);
			runOnlyForDeploymentPostprocessing = 0;
			shellPath = /bin/sh;
			shellScript = "diff \"${PODS_PODFILE_DIR_PATH}/Podfile.lock\" \"${PODS_ROOT}/Manifest.lock\" > /dev/null\nif [ $? != 0 ] ; then\n    # print error to STDERR\n    echo \"error: The sandbox is not in sync with the Podfile.lock. Run 'pod install' or update your CocoaPods installation.\" >&2\n    exit 1\nfi\n# This output is used by Xcode 'outputs' to avoid re-running this script phase.\necho \"SUCCESS\" > \"${SCRIPT_OUTPUT_FILE_0}\"\n";
			showEnvVarsInLog = 0;
		};
		C9B7F3E8868A231927AC6BA5 /* [CP] Check Pods Manifest.lock */ = {
			isa = PBXShellScriptBuildPhase;
			buildActionMask = 2147483647;
			files = (
			);
			inputFileListPaths = (
			);
			inputPaths = (
				"${PODS_PODFILE_DIR_PATH}/Podfile.lock",
				"${PODS_ROOT}/Manifest.lock",
			);
			name = "[CP] Check Pods Manifest.lock";
			outputFileListPaths = (
			);
			outputPaths = (
				"$(DERIVED_FILE_DIR)/Pods-BestBuddyTests-checkManifestLockResult.txt",
			);
			runOnlyForDeploymentPostprocessing = 0;
			shellPath = /bin/sh;
			shellScript = "diff \"${PODS_PODFILE_DIR_PATH}/Podfile.lock\" \"${PODS_ROOT}/Manifest.lock\" > /dev/null\nif [ $? != 0 ] ; then\n    # print error to STDERR\n    echo \"error: The sandbox is not in sync with the Podfile.lock. Run 'pod install' or update your CocoaPods installation.\" >&2\n    exit 1\nfi\n# This output is used by Xcode 'outputs' to avoid re-running this script phase.\necho \"SUCCESS\" > \"${SCRIPT_OUTPUT_FILE_0}\"\n";
			showEnvVarsInLog = 0;
		};
/* End PBXShellScriptBuildPhase section */

/* Begin PBXSourcesBuildPhase section */
		0CCFA4E92CFDA4C7000B81AF /* Sources */ = {
			isa = PBXSourcesBuildPhase;
			buildActionMask = 2147483647;
			files = (
			);
			runOnlyForDeploymentPostprocessing = 0;
		};
		0CCFA4FA2CFDA4C9000B81AF /* Sources */ = {
			isa = PBXSourcesBuildPhase;
			buildActionMask = 2147483647;
			files = (
			);
			runOnlyForDeploymentPostprocessing = 0;
		};
		0CCFA5042CFDA4C9000B81AF /* Sources */ = {
			isa = PBXSourcesBuildPhase;
			buildActionMask = 2147483647;
			files = (
			);
			runOnlyForDeploymentPostprocessing = 0;
		};
/* End PBXSourcesBuildPhase section */

/* Begin PBXTargetDependency section */
		0CCFA5002CFDA4C9000B81AF /* PBXTargetDependency */ = {
			isa = PBXTargetDependency;
			target = 0CCFA4EC2CFDA4C7000B81AF /* BestBuddy */;
			targetProxy = 0CCFA4FF2CFDA4C9000B81AF /* PBXContainerItemProxy */;
		};
		0CCFA50A2CFDA4C9000B81AF /* PBXTargetDependency */ = {
			isa = PBXTargetDependency;
			target = 0CCFA4EC2CFDA4C7000B81AF /* BestBuddy */;
			targetProxy = 0CCFA5092CFDA4C9000B81AF /* PBXContainerItemProxy */;
		};
/* End PBXTargetDependency section */

/* Begin XCBuildConfiguration section */
		0CCFA5102CFDA4C9000B81AF /* Debug */ = {
			isa = XCBuildConfiguration;
			buildSettings = {
				ALWAYS_SEARCH_USER_PATHS = NO;
				ASSETCATALOG_COMPILER_GENERATE_SWIFT_ASSET_SYMBOL_EXTENSIONS = YES;
				CLANG_ANALYZER_NONNULL = YES;
				CLANG_ANALYZER_NUMBER_OBJECT_CONVERSION = YES_AGGRESSIVE;
				CLANG_CXX_LANGUAGE_STANDARD = "gnu++20";
				CLANG_ENABLE_MODULES = YES;
				CLANG_ENABLE_OBJC_ARC = YES;
				CLANG_ENABLE_OBJC_WEAK = YES;
				CLANG_WARN_BLOCK_CAPTURE_AUTORELEASING = YES;
				CLANG_WARN_BOOL_CONVERSION = YES;
				CLANG_WARN_COMMA = YES;
				CLANG_WARN_CONSTANT_CONVERSION = YES;
				CLANG_WARN_DEPRECATED_OBJC_IMPLEMENTATIONS = YES;
				CLANG_WARN_DIRECT_OBJC_ISA_USAGE = YES_ERROR;
				CLANG_WARN_DOCUMENTATION_COMMENTS = YES;
				CLANG_WARN_EMPTY_BODY = YES;
				CLANG_WARN_ENUM_CONVERSION = YES;
				CLANG_WARN_INFINITE_RECURSION = YES;
				CLANG_WARN_INT_CONVERSION = YES;
				CLANG_WARN_NON_LITERAL_NULL_CONVERSION = YES;
				CLANG_WARN_OBJC_IMPLICIT_RETAIN_SELF = YES;
				CLANG_WARN_OBJC_LITERAL_CONVERSION = YES;
				CLANG_WARN_OBJC_ROOT_CLASS = YES_ERROR;
				CLANG_WARN_QUOTED_INCLUDE_IN_FRAMEWORK_HEADER = YES;
				CLANG_WARN_RANGE_LOOP_ANALYSIS = YES;
				CLANG_WARN_STRICT_PROTOTYPES = YES;
				CLANG_WARN_SUSPICIOUS_MOVE = YES;
				CLANG_WARN_UNGUARDED_AVAILABILITY = YES_AGGRESSIVE;
				CLANG_WARN_UNREACHABLE_CODE = YES;
				CLANG_WARN__DUPLICATE_METHOD_MATCH = YES;
				COPY_PHASE_STRIP = NO;
				DEBUG_INFORMATION_FORMAT = dwarf;
				ENABLE_STRICT_OBJC_MSGSEND = YES;
				ENABLE_TESTABILITY = YES;
				ENABLE_USER_SCRIPT_SANDBOXING = NO;
				GCC_C_LANGUAGE_STANDARD = gnu17;
				GCC_DYNAMIC_NO_PIC = NO;
				GCC_NO_COMMON_BLOCKS = YES;
				GCC_OPTIMIZATION_LEVEL = 0;
				GCC_PREPROCESSOR_DEFINITIONS = (
					"DEBUG=1",
					"$(inherited)",
				);
				GCC_WARN_64_TO_32_BIT_CONVERSION = YES;
				GCC_WARN_ABOUT_RETURN_TYPE = YES_ERROR;
				GCC_WARN_UNDECLARED_SELECTOR = YES;
				GCC_WARN_UNINITIALIZED_AUTOS = YES_AGGRESSIVE;
				GCC_WARN_UNUSED_FUNCTION = YES;
				GCC_WARN_UNUSED_VARIABLE = YES;
				LOCALIZATION_PREFERS_STRING_CATALOGS = YES;
				MTL_ENABLE_DEBUG_INFO = INCLUDE_SOURCE;
				MTL_FAST_MATH = YES;
				ONLY_ACTIVE_ARCH = YES;
				SWIFT_ACTIVE_COMPILATION_CONDITIONS = "DEBUG $(inherited)";
				SWIFT_OPTIMIZATION_LEVEL = "-Onone";
			};
			name = Debug;
		};
		0CCFA5112CFDA4C9000B81AF /* Release */ = {
			isa = XCBuildConfiguration;
			buildSettings = {
				ALWAYS_SEARCH_USER_PATHS = NO;
				ASSETCATALOG_COMPILER_GENERATE_SWIFT_ASSET_SYMBOL_EXTENSIONS = YES;
				CLANG_ANALYZER_NONNULL = YES;
				CLANG_ANALYZER_NUMBER_OBJECT_CONVERSION = YES_AGGRESSIVE;
				CLANG_CXX_LANGUAGE_STANDARD = "gnu++20";
				CLANG_ENABLE_MODULES = YES;
				CLANG_ENABLE_OBJC_ARC = YES;
				CLANG_ENABLE_OBJC_WEAK = YES;
				CLANG_WARN_BLOCK_CAPTURE_AUTORELEASING = YES;
				CLANG_WARN_BOOL_CONVERSION = YES;
				CLANG_WARN_COMMA = YES;
				CLANG_WARN_CONSTANT_CONVERSION = YES;
				CLANG_WARN_DEPRECATED_OBJC_IMPLEMENTATIONS = YES;
				CLANG_WARN_DIRECT_OBJC_ISA_USAGE = YES_ERROR;
				CLANG_WARN_DOCUMENTATION_COMMENTS = YES;
				CLANG_WARN_EMPTY_BODY = YES;
				CLANG_WARN_ENUM_CONVERSION = YES;
				CLANG_WARN_INFINITE_RECURSION = YES;
				CLANG_WARN_INT_CONVERSION = YES;
				CLANG_WARN_NON_LITERAL_NULL_CONVERSION = YES;
				CLANG_WARN_OBJC_IMPLICIT_RETAIN_SELF = YES;
				CLANG_WARN_OBJC_LITERAL_CONVERSION = YES;
				CLANG_WARN_OBJC_ROOT_CLASS = YES_ERROR;
				CLANG_WARN_QUOTED_INCLUDE_IN_FRAMEWORK_HEADER = YES;
				CLANG_WARN_RANGE_LOOP_ANALYSIS = YES;
				CLANG_WARN_STRICT_PROTOTYPES = YES;
				CLANG_WARN_SUSPICIOUS_MOVE = YES;
				CLANG_WARN_UNGUARDED_AVAILABILITY = YES_AGGRESSIVE;
				CLANG_WARN_UNREACHABLE_CODE = YES;
				CLANG_WARN__DUPLICATE_METHOD_MATCH = YES;
				COPY_PHASE_STRIP = NO;
				DEBUG_INFORMATION_FORMAT = "dwarf-with-dsym";
				ENABLE_NS_ASSERTIONS = NO;
				ENABLE_STRICT_OBJC_MSGSEND = YES;
				ENABLE_USER_SCRIPT_SANDBOXING = NO;
				GCC_C_LANGUAGE_STANDARD = gnu17;
				GCC_NO_COMMON_BLOCKS = YES;
				GCC_WARN_64_TO_32_BIT_CONVERSION = YES;
				GCC_WARN_ABOUT_RETURN_TYPE = YES_ERROR;
				GCC_WARN_UNDECLARED_SELECTOR = YES;
				GCC_WARN_UNINITIALIZED_AUTOS = YES_AGGRESSIVE;
				GCC_WARN_UNUSED_FUNCTION = YES;
				GCC_WARN_UNUSED_VARIABLE = YES;
				LOCALIZATION_PREFERS_STRING_CATALOGS = YES;
				MTL_ENABLE_DEBUG_INFO = NO;
				MTL_FAST_MATH = YES;
				ONLY_ACTIVE_ARCH = NO;
				SWIFT_COMPILATION_MODE = wholemodule;
			};
			name = Release;
		};
		0CCFA5132CFDA4C9000B81AF /* Debug */ = {
			isa = XCBuildConfiguration;
			baseConfigurationReference = 8920224CB89A72E284BAB1E4 /* Pods-BestBuddy.debug.xcconfig */;
			buildSettings = {
				ASSETCATALOG_COMPILER_APPICON_NAME = AppIcon;
				ASSETCATALOG_COMPILER_GLOBAL_ACCENT_COLOR_NAME = AccentColor;
				CODE_SIGN_ENTITLEMENTS = BestBuddy/SupportFiles/BestBuddy.entitlements;
				CODE_SIGN_STYLE = Automatic;
				CURRENT_PROJECT_VERSION = 1;
				DEVELOPMENT_ASSET_PATHS = "\"BestBuddy/SupportFiles/Preview Content\"";
				ENABLE_PREVIEWS = YES;
				GENERATE_INFOPLIST_FILE = YES;
				"INFOPLIST_KEY_UIApplicationSceneManifest_Generation[sdk=iphoneos*]" = YES;
				"INFOPLIST_KEY_UIApplicationSceneManifest_Generation[sdk=iphonesimulator*]" = YES;
				"INFOPLIST_KEY_UIApplicationSupportsIndirectInputEvents[sdk=iphoneos*]" = YES;
				"INFOPLIST_KEY_UIApplicationSupportsIndirectInputEvents[sdk=iphonesimulator*]" = YES;
				"INFOPLIST_KEY_UILaunchScreen_Generation[sdk=iphoneos*]" = YES;
				"INFOPLIST_KEY_UILaunchScreen_Generation[sdk=iphonesimulator*]" = YES;
				"INFOPLIST_KEY_UIStatusBarStyle[sdk=iphoneos*]" = UIStatusBarStyleDefault;
				"INFOPLIST_KEY_UIStatusBarStyle[sdk=iphonesimulator*]" = UIStatusBarStyleDefault;
				INFOPLIST_KEY_UISupportedInterfaceOrientations_iPad = "UIInterfaceOrientationPortrait UIInterfaceOrientationPortraitUpsideDown UIInterfaceOrientationLandscapeLeft UIInterfaceOrientationLandscapeRight";
				INFOPLIST_KEY_UISupportedInterfaceOrientations_iPhone = "UIInterfaceOrientationPortrait UIInterfaceOrientationLandscapeLeft UIInterfaceOrientationLandscapeRight";
				IPHONEOS_DEPLOYMENT_TARGET = 15.6;
				LD_RUNPATH_SEARCH_PATHS = "@executable_path/Frameworks";
				"LD_RUNPATH_SEARCH_PATHS[sdk=macosx*]" = "@executable_path/../Frameworks";
				MACOSX_DEPLOYMENT_TARGET = 14.7;
				MARKETING_VERSION = 1.0;
				PRODUCT_BUNDLE_IDENTIFIER = "com.da-fir.BestBuddy";
				PRODUCT_NAME = "$(TARGET_NAME)";
				SDKROOT = auto;
				SUPPORTED_PLATFORMS = "iphoneos iphonesimulator macosx xros xrsimulator";
				SWIFT_EMIT_LOC_STRINGS = YES;
				SWIFT_VERSION = 5.0;
				TARGETED_DEVICE_FAMILY = "1,2,7";
				XROS_DEPLOYMENT_TARGET = 2.1;
			};
			name = Debug;
		};
		0CCFA5142CFDA4C9000B81AF /* Release */ = {
			isa = XCBuildConfiguration;
			baseConfigurationReference = A4B002D2BFC1458C1B07DB0F /* Pods-BestBuddy.release.xcconfig */;
			buildSettings = {
				ASSETCATALOG_COMPILER_APPICON_NAME = AppIcon;
				ASSETCATALOG_COMPILER_GLOBAL_ACCENT_COLOR_NAME = AccentColor;
				CODE_SIGN_ENTITLEMENTS = BestBuddy/SupportFiles/BestBuddy.entitlements;
				CODE_SIGN_STYLE = Automatic;
				CURRENT_PROJECT_VERSION = 1;
				DEVELOPMENT_ASSET_PATHS = "\"BestBuddy/SupportFiles/Preview Content\"";
				ENABLE_PREVIEWS = YES;
				GENERATE_INFOPLIST_FILE = YES;
				"INFOPLIST_KEY_UIApplicationSceneManifest_Generation[sdk=iphoneos*]" = YES;
				"INFOPLIST_KEY_UIApplicationSceneManifest_Generation[sdk=iphonesimulator*]" = YES;
				"INFOPLIST_KEY_UIApplicationSupportsIndirectInputEvents[sdk=iphoneos*]" = YES;
				"INFOPLIST_KEY_UIApplicationSupportsIndirectInputEvents[sdk=iphonesimulator*]" = YES;
				"INFOPLIST_KEY_UILaunchScreen_Generation[sdk=iphoneos*]" = YES;
				"INFOPLIST_KEY_UILaunchScreen_Generation[sdk=iphonesimulator*]" = YES;
				"INFOPLIST_KEY_UIStatusBarStyle[sdk=iphoneos*]" = UIStatusBarStyleDefault;
				"INFOPLIST_KEY_UIStatusBarStyle[sdk=iphonesimulator*]" = UIStatusBarStyleDefault;
				INFOPLIST_KEY_UISupportedInterfaceOrientations_iPad = "UIInterfaceOrientationPortrait UIInterfaceOrientationPortraitUpsideDown UIInterfaceOrientationLandscapeLeft UIInterfaceOrientationLandscapeRight";
				INFOPLIST_KEY_UISupportedInterfaceOrientations_iPhone = "UIInterfaceOrientationPortrait UIInterfaceOrientationLandscapeLeft UIInterfaceOrientationLandscapeRight";
				IPHONEOS_DEPLOYMENT_TARGET = 15.6;
				LD_RUNPATH_SEARCH_PATHS = "@executable_path/Frameworks";
				"LD_RUNPATH_SEARCH_PATHS[sdk=macosx*]" = "@executable_path/../Frameworks";
				MACOSX_DEPLOYMENT_TARGET = 14.7;
				MARKETING_VERSION = 1.0;
				PRODUCT_BUNDLE_IDENTIFIER = "com.da-fir.BestBuddy";
				PRODUCT_NAME = "$(TARGET_NAME)";
				SDKROOT = auto;
				SUPPORTED_PLATFORMS = "iphoneos iphonesimulator macosx xros xrsimulator";
				SWIFT_EMIT_LOC_STRINGS = YES;
				SWIFT_VERSION = 5.0;
				TARGETED_DEVICE_FAMILY = "1,2,7";
				XROS_DEPLOYMENT_TARGET = 2.1;
			};
			name = Release;
		};
		0CCFA5162CFDA4C9000B81AF /* Debug */ = {
			isa = XCBuildConfiguration;
			baseConfigurationReference = 29420DFEF0838AD355C42375 /* Pods-BestBuddyTests.debug.xcconfig */;
			buildSettings = {
				BUNDLE_LOADER = "$(TEST_HOST)";
				CODE_SIGN_STYLE = Automatic;
				CURRENT_PROJECT_VERSION = 1;
				GENERATE_INFOPLIST_FILE = YES;
				IPHONEOS_DEPLOYMENT_TARGET = 18.1;
				MACOSX_DEPLOYMENT_TARGET = 14.7;
				MARKETING_VERSION = 1.0;
				PRODUCT_BUNDLE_IDENTIFIER = "com.da-fir.BestBuddyTests";
				PRODUCT_NAME = "$(TARGET_NAME)";
				SDKROOT = auto;
				SUPPORTED_PLATFORMS = "iphoneos iphonesimulator macosx xros xrsimulator";
				SWIFT_EMIT_LOC_STRINGS = NO;
				SWIFT_VERSION = 5.0;
				TARGETED_DEVICE_FAMILY = "1,2,7";
				TEST_HOST = "$(BUILT_PRODUCTS_DIR)/BestBuddy.app/$(BUNDLE_EXECUTABLE_FOLDER_PATH)/BestBuddy";
				XROS_DEPLOYMENT_TARGET = 2.1;
			};
			name = Debug;
		};
		0CCFA5172CFDA4C9000B81AF /* Release */ = {
			isa = XCBuildConfiguration;
			baseConfigurationReference = 57BD657F0F4CA0962772126E /* Pods-BestBuddyTests.release.xcconfig */;
			buildSettings = {
				BUNDLE_LOADER = "$(TEST_HOST)";
				CODE_SIGN_STYLE = Automatic;
				CURRENT_PROJECT_VERSION = 1;
				GENERATE_INFOPLIST_FILE = YES;
				IPHONEOS_DEPLOYMENT_TARGET = 18.1;
				MACOSX_DEPLOYMENT_TARGET = 14.7;
				MARKETING_VERSION = 1.0;
				PRODUCT_BUNDLE_IDENTIFIER = "com.da-fir.BestBuddyTests";
				PRODUCT_NAME = "$(TARGET_NAME)";
				SDKROOT = auto;
				SUPPORTED_PLATFORMS = "iphoneos iphonesimulator macosx xros xrsimulator";
				SWIFT_EMIT_LOC_STRINGS = NO;
				SWIFT_VERSION = 5.0;
				TARGETED_DEVICE_FAMILY = "1,2,7";
				TEST_HOST = "$(BUILT_PRODUCTS_DIR)/BestBuddy.app/$(BUNDLE_EXECUTABLE_FOLDER_PATH)/BestBuddy";
				XROS_DEPLOYMENT_TARGET = 2.1;
			};
			name = Release;
		};
		0CCFA5192CFDA4C9000B81AF /* Debug */ = {
			isa = XCBuildConfiguration;
			baseConfigurationReference = 839965D22E1E16B6DC38C8BE /* Pods-BestBuddy-BestBuddyUITests.debug.xcconfig */;
			buildSettings = {
				CODE_SIGN_STYLE = Automatic;
				CURRENT_PROJECT_VERSION = 1;
				GENERATE_INFOPLIST_FILE = YES;
				IPHONEOS_DEPLOYMENT_TARGET = 18.1;
				MACOSX_DEPLOYMENT_TARGET = 14.7;
				MARKETING_VERSION = 1.0;
				PRODUCT_BUNDLE_IDENTIFIER = "com.da-fir.BestBuddyUITests";
				PRODUCT_NAME = "$(TARGET_NAME)";
				SDKROOT = auto;
				SUPPORTED_PLATFORMS = "iphoneos iphonesimulator macosx xros xrsimulator";
				SWIFT_EMIT_LOC_STRINGS = NO;
				SWIFT_VERSION = 5.0;
				TARGETED_DEVICE_FAMILY = "1,2,7";
				TEST_TARGET_NAME = BestBuddy;
				XROS_DEPLOYMENT_TARGET = 2.1;
			};
			name = Debug;
		};
		0CCFA51A2CFDA4C9000B81AF /* Release */ = {
			isa = XCBuildConfiguration;
			baseConfigurationReference = 3F2166C0AD20EA19BE4909D9 /* Pods-BestBuddy-BestBuddyUITests.release.xcconfig */;
			buildSettings = {
				CODE_SIGN_STYLE = Automatic;
				CURRENT_PROJECT_VERSION = 1;
				GENERATE_INFOPLIST_FILE = YES;
				IPHONEOS_DEPLOYMENT_TARGET = 18.1;
				MACOSX_DEPLOYMENT_TARGET = 14.7;
				MARKETING_VERSION = 1.0;
				PRODUCT_BUNDLE_IDENTIFIER = "com.da-fir.BestBuddyUITests";
				PRODUCT_NAME = "$(TARGET_NAME)";
				SDKROOT = auto;
				SUPPORTED_PLATFORMS = "iphoneos iphonesimulator macosx xros xrsimulator";
				SWIFT_EMIT_LOC_STRINGS = NO;
				SWIFT_VERSION = 5.0;
				TARGETED_DEVICE_FAMILY = "1,2,7";
				TEST_TARGET_NAME = BestBuddy;
				XROS_DEPLOYMENT_TARGET = 2.1;
			};
			name = Release;
		};
/* End XCBuildConfiguration section */

/* Begin XCConfigurationList section */
		0CCFA4E82CFDA4C7000B81AF /* Build configuration list for PBXProject "BestBuddy" */ = {
			isa = XCConfigurationList;
			buildConfigurations = (
				0CCFA5102CFDA4C9000B81AF /* Debug */,
				0CCFA5112CFDA4C9000B81AF /* Release */,
			);
			defaultConfigurationIsVisible = 0;
			defaultConfigurationName = Release;
		};
		0CCFA5122CFDA4C9000B81AF /* Build configuration list for PBXNativeTarget "BestBuddy" */ = {
			isa = XCConfigurationList;
			buildConfigurations = (
				0CCFA5132CFDA4C9000B81AF /* Debug */,
				0CCFA5142CFDA4C9000B81AF /* Release */,
			);
			defaultConfigurationIsVisible = 0;
			defaultConfigurationName = Release;
		};
		0CCFA5152CFDA4C9000B81AF /* Build configuration list for PBXNativeTarget "BestBuddyTests" */ = {
			isa = XCConfigurationList;
			buildConfigurations = (
				0CCFA5162CFDA4C9000B81AF /* Debug */,
				0CCFA5172CFDA4C9000B81AF /* Release */,
			);
			defaultConfigurationIsVisible = 0;
			defaultConfigurationName = Release;
		};
		0CCFA5182CFDA4C9000B81AF /* Build configuration list for PBXNativeTarget "BestBuddyUITests" */ = {
			isa = XCConfigurationList;
			buildConfigurations = (
				0CCFA5192CFDA4C9000B81AF /* Debug */,
				0CCFA51A2CFDA4C9000B81AF /* Release */,
			);
			defaultConfigurationIsVisible = 0;
			defaultConfigurationName = Release;
		};
/* End XCConfigurationList section */
	};
	rootObject = 0CCFA4E52CFDA4C7000B81AF /* Project object */;
}
